
Microsoft Visual Studio Solution File, Format Version 12.00
# Visual Studio Version 17
VisualStudioVersion = 17.5.33502.453
MinimumVisualStudioVersion = 10.0.40219.1
Project("{FAE04EC0-301F-11D3-BF4B-00C04F79EFBC}") = "UltraKnight2", "UltraKnight2\UltraKnight2.csproj", "{FF1776B2-13F8-4689-91C8-8F536445358E}"
EndProject
Global
	GlobalSection(SolutionConfigurationPlatforms) = preSolution
		Debug|Any CPU = Debug|Any CPU
		Release|Any CPU = Release|Any CPU
	EndGlobalSection
	GlobalSection(ProjectConfigurationPlatforms) = postSolution
		{FF1776B2-13F8-4689-91C8-8F536445358E}.Debug|Any CPU.ActiveCfg = Debug|Any CPU
		{FF1776B2-13F8-4689-91C8-8F536445358E}.Debug|Any CPU.Build.0 = Debug|Any CPU
		{FF1776B2-13F8-4689-91C8-8F536445358E}.Release|Any CPU.ActiveCfg = Release|Any CPU
		{FF1776B2-13F8-4689-91C8-8F536445358E}.Release|Any CPU.Build.0 = Release|Any CPU
	EndGlobalSection
	GlobalSection(SolutionProperties) = preSolution
		HideSolutionNode = FALSE
	EndGlobalSection
	GlobalSection(ExtensibilityGlobals) = postSolution
		SolutionGuid = {4435C99A-6A8D-41CF-BE14-26D0A1F7918A}
	EndGlobalSection
EndGlobal
